{
  "name": "predprofFin",
  "lockfileVersion": 2,
  "requires": true,
  "packages": {
    "": {
      "dependencies": {
        "vue-google-charts": "^0.3.3",
        "vue-multiselect": "^2.1.6"
      }
    },
    "node_modules/debounce": {
      "version": "1.2.1",
      "resolved": "https://registry.npmjs.org/debounce/-/debounce-1.2.1.tgz",
      "integrity": "sha512-XRRe6Glud4rd/ZGQfiV1ruXSfbvfJedlV9Y6zOlP+2K04vBYiJEte6stfFkCP03aMnY5tsipamumUjL14fofug=="
    },
    "node_modules/vue-google-charts": {
      "version": "0.3.3",
      "resolved": "https://registry.npmjs.org/vue-google-charts/-/vue-google-charts-0.3.3.tgz",
      "integrity": "sha512-dvp5C0m3uAfB7PbAWPOqnYGJLUKyK0NPmnjOE8FDUhVySeErojOPZVd5zNOq4m9RhhwmNFP31bsxVYNb+0+f9w==",
      "dependencies": {
        "debounce": "^1.1.0"
      }
    },
    "node_modules/vue-multiselect": {
      "version": "2.1.6",
      "resolved": "https://registry.npmjs.org/vue-multiselect/-/vue-multiselect-2.1.6.tgz",
      "integrity": "sha512-s7jmZPlm9FeueJg1RwJtnE9KNPtME/7C8uRWSfp9/yEN4M8XcS/d+bddoyVwVnvFyRh9msFo0HWeW0vTL8Qv+w==",
      "engines": {
        "node": ">= 4.0.0",
        "npm": ">= 3.0.0"
      }
    }
  },
  "dependencies": {
    "debounce": {
      "version": "1.2.1",
      "resolved": "https://registry.npmjs.org/debounce/-/debounce-1.2.1.tgz",
      "integrity": "sha512-XRRe6Glud4rd/ZGQfiV1ruXSfbvfJedlV9Y6zOlP+2K04vBYiJEte6stfFkCP03aMnY5tsipamumUjL14fofug=="
    },
    "vue-google-charts": {
      "version": "0.3.3",
      "resolved": "https://registry.npmjs.org/vue-google-charts/-/vue-google-charts-0.3.3.tgz",
      "integrity": "sha512-dvp5C0m3uAfB7PbAWPOqnYGJLUKyK0NPmnjOE8FDUhVySeErojOPZVd5zNOq4m9RhhwmNFP31bsxVYNb+0+f9w==",
      "requires": {
        "debounce": "^1.1.0"
      }
    },
    "vue-multiselect": {
      "version": "2.1.6",
      "resolved": "https://registry.npmjs.org/vue-multiselect/-/vue-multiselect-2.1.6.tgz",
      "integrity": "sha512-s7jmZPlm9FeueJg1RwJtnE9KNPtME/7C8uRWSfp9/yEN4M8XcS/d+bddoyVwVnvFyRh9msFo0HWeW0vTL8Qv+w=="
    }
  }
}
